<?xml version="1.0" encoding="utf-8"?>
<Project ToolsVersion="16.0" xmlns="http://schemas.microsoft.com/developer/msbuild/2003">
  <ItemGroup>
    <CustomBuild Include="D:\commandchecker\commandchecker\build\CMakeFiles\2d88841a76acc4e386d02f0227cbd704\RUN_TESTS_force.rule">
      <Filter>CMake Rules</Filter>
    </CustomBuild>
  </ItemGroup>
  <ItemGroup>
    <Filter Include="CMake Rules">
      <UniqueIdentifier>{A8777923-0396-31BC-8DAC-0AE4E412EB9C}</UniqueIdentifier>
    </Filter>
  </ItemGroup>
</Project>
